
Microsoft Visual Studio Solution File, Format Version 12.00
# Visual Studio Version 17
VisualStudioVersion = 17.2.32516.85
MinimumVisualStudioVersion = 10.0.40219.1
Project("{FAE04EC0-301F-11D3-BF4B-00C04F79EFBC}") = "VirtualDars.DesignPatterns.Builder", "VirtualDars.DesignPatterns.Builder.csproj", "{9C1C2556-63A6-4960-8FF2-A2562A4699D3}"
EndProject
Global
	GlobalSection(SolutionConfigurationPlatforms) = preSolution
		Debug|Any CPU = Debug|Any CPU
		Release|Any CPU = Release|Any CPU
	EndGlobalSection
	GlobalSection(ProjectConfigurationPlatforms) = postSolution
		{9C1C2556-63A6-4960-8FF2-A2562A4699D3}.Debug|Any CPU.ActiveCfg = Debug|Any CPU
		{9C1C2556-63A6-4960-8FF2-A2562A4699D3}.Debug|Any CPU.Build.0 = Debug|Any CPU
		{9C1C2556-63A6-4960-8FF2-A2562A4699D3}.Release|Any CPU.ActiveCfg = Release|Any CPU
		{9C1C2556-63A6-4960-8FF2-A2562A4699D3}.Release|Any CPU.Build.0 = Release|Any CPU
	EndGlobalSection
	GlobalSection(SolutionProperties) = preSolution
		HideSolutionNode = FALSE
	EndGlobalSection
	GlobalSection(ExtensibilityGlobals) = postSolution
		SolutionGuid = {304165FA-1AB8-424B-A9DC-6BDB1D3AB867}
	EndGlobalSection
EndGlobal
